
Microsoft Visual Studio Solution File, Format Version 12.00
# Visual Studio Version 17
VisualStudioVersion = 17.12.35707.178
MinimumVisualStudioVersion = 10.0.40219.1
Project("{FAE04EC0-301F-11D3-BF4B-00C04F79EFBC}") = "GuidoAloise", "GuidoAloise\GuidoAloise.csproj", "{47423E45-A3CE-4F6A-920F-F92266C3EA5F}"
EndProject
Project("{FAE04EC0-301F-11D3-BF4B-00C04F79EFBC}") = "GuidoAloise.Api", "GuidoAloise.Api\GuidoAloise.Api.csproj", "{937D7F59-1BA1-4F78-8268-5E6141E65DF2}"
EndProject
Project("{FAE04EC0-301F-11D3-BF4B-00C04F79EFBC}") = "GuidoAloise.Tests", "GuidoAloise.Tests\GuidoAloise.Tests.csproj", "{707804A2-0AE5-45B2-AD1B-509888AC8D92}"
EndProject

Global
	GlobalSection(SolutionConfigurationPlatforms) = preSolution
		Debug|Any CPU = Debug|Any CPU
		Release|Any CPU = Release|Any CPU
	EndGlobalSection
	GlobalSection(ProjectConfigurationPlatforms) = postSolution
		{47423E45-A3CE-4F6A-920F-F92266C3EA5F}.Debug|Any CPU.ActiveCfg = Debug|Any CPU
		{47423E45-A3CE-4F6A-920F-F92266C3EA5F}.Debug|Any CPU.Build.0 = Debug|Any CPU
		{47423E45-A3CE-4F6A-920F-F92266C3EA5F}.Release|Any CPU.ActiveCfg = Release|Any CPU
		{47423E45-A3CE-4F6A-920F-F92266C3EA5F}.Release|Any CPU.Build.0 = Release|Any CPU
		{937D7F59-1BA1-4F78-8268-5E6141E65DF2}.Debug|Any CPU.ActiveCfg = Debug|Any CPU
		{937D7F59-1BA1-4F78-8268-5E6141E65DF2}.Debug|Any CPU.Build.0 = Debug|Any CPU
		{937D7F59-1BA1-4F78-8268-5E6141E65DF2}.Release|Any CPU.ActiveCfg = Release|Any CPU
		{937D7F59-1BA1-4F78-8268-5E6141E65DF2}.Release|Any CPU.Build.0 = Release|Any CPU
                {707804A2-0AE5-45B2-AD1B-509888AC8D92}.Debug|Any CPU.ActiveCfg = Debug|Any CPU
                {707804A2-0AE5-45B2-AD1B-509888AC8D92}.Debug|Any CPU.Build.0 = Debug|Any CPU
                {707804A2-0AE5-45B2-AD1B-509888AC8D92}.Release|Any CPU.ActiveCfg = Release|Any CPU
                {707804A2-0AE5-45B2-AD1B-509888AC8D92}.Release|Any CPU.Build.0 = Release|Any CPU
	EndGlobalSection
	GlobalSection(SolutionProperties) = preSolution
		HideSolutionNode = FALSE
	EndGlobalSection
EndGlobal
